// !$*UTF8*$!
{
	archiveVersion = 1;
	classes = {
	};
	objectVersion = 56;
	objects = {

/* Begin PBXBuildFile section */
		4412553E2A721DCF00858ADE /* VoidBlock.swift in Sources */ = {isa = PBXBuildFile; fileRef = 4412553D2A721DCF00858ADE /* VoidBlock.swift */; };
		441255442A7502CD00858ADE /* String+Extension.swift in Sources */ = {isa = PBXBuildFile; fileRef = 441255432A7502CD00858ADE /* String+Extension.swift */; };
		441608522A7A03110059B215 /* UnitsView.swift in Sources */ = {isa = PBXBuildFile; fileRef = 441608512A7A03110059B215 /* UnitsView.swift */; };
		4443642D2A8564D20040220C /* Padding.swift in Sources */ = {isa = PBXBuildFile; fileRef = 4443642C2A8564D20040220C /* Padding.swift */; };
		4443642F2A8564E80040220C /* Font.swift in Sources */ = {isa = PBXBuildFile; fileRef = 4443642E2A8564E80040220C /* Font.swift */; };
		444364312A86C0A00040220C /* AngleSegment.swift in Sources */ = {isa = PBXBuildFile; fileRef = 444364302A86C0A00040220C /* AngleSegment.swift */; };
		444364332A86C0B40040220C /* DurationSegment.swift in Sources */ = {isa = PBXBuildFile; fileRef = 444364322A86C0B40040220C /* DurationSegment.swift */; };
		444364352A86C0C50040220C /* EnergySegment.swift in Sources */ = {isa = PBXBuildFile; fileRef = 444364342A86C0C50040220C /* EnergySegment.swift */; };
		444364372A86C0DC0040220C /* FuelEfficiencySegment.swift in Sources */ = {isa = PBXBuildFile; fileRef = 444364362A86C0DC0040220C /* FuelEfficiencySegment.swift */; };
		444364392A86C0EE0040220C /* StorageSegment.swift in Sources */ = {isa = PBXBuildFile; fileRef = 444364382A86C0EE0040220C /* StorageSegment.swift */; };
		4443643B2A86C2420040220C /* PowerSegment.swift in Sources */ = {isa = PBXBuildFile; fileRef = 4443643A2A86C2420040220C /* PowerSegment.swift */; };
		4443643E2A8815940040220C /* Constants.swift in Sources */ = {isa = PBXBuildFile; fileRef = 4443643D2A8815940040220C /* Constants.swift */; };
		444364412A8AC5FF0040220C /* LaunchScreen.storyboard in Resources */ = {isa = PBXBuildFile; fileRef = 444364402A8AC5FF0040220C /* LaunchScreen.storyboard */; };
		4455A49B2A69E07000849DB8 /* AdaptivePagingScrollView.swift in Sources */ = {isa = PBXBuildFile; fileRef = 4455A49A2A69E07000849DB8 /* AdaptivePagingScrollView.swift */; };
		4455A49D2A69E08B00849DB8 /* Orientation.swift in Sources */ = {isa = PBXBuildFile; fileRef = 4455A49C2A69E08B00849DB8 /* Orientation.swift */; };
		4455A49F2A69E09D00849DB8 /* View+Ext.swift in Sources */ = {isa = PBXBuildFile; fileRef = 4455A49E2A69E09D00849DB8 /* View+Ext.swift */; };
		4455A4A12A69E0AC00849DB8 /* FrameModifier.swift in Sources */ = {isa = PBXBuildFile; fileRef = 4455A4A02A69E0AC00849DB8 /* FrameModifier.swift */; };
		4455A4A62A69E18A00849DB8 /* UnitRowsData.swift in Sources */ = {isa = PBXBuildFile; fileRef = 4455A4A22A69E18A00849DB8 /* UnitRowsData.swift */; };
		4455A4A72A69E18A00849DB8 /* UnitView.swift in Sources */ = {isa = PBXBuildFile; fileRef = 4455A4A32A69E18A00849DB8 /* UnitView.swift */; };
		4455A4A92A69E18A00849DB8 /* UnitRow.swift in Sources */ = {isa = PBXBuildFile; fileRef = 4455A4A52A69E18A00849DB8 /* UnitRow.swift */; };
		4455A4AB2A69E4C600849DB8 /* Color.swift in Sources */ = {isa = PBXBuildFile; fileRef = 4455A4AA2A69E4C600849DB8 /* Color.swift */; };
		4457AB912A5B38B500EA547C /* ConverterApp.swift in Sources */ = {isa = PBXBuildFile; fileRef = 4457AB902A5B38B500EA547C /* ConverterApp.swift */; };
		4457AB952A5B38B600EA547C /* Assets.xcassets in Resources */ = {isa = PBXBuildFile; fileRef = 4457AB942A5B38B600EA547C /* Assets.xcassets */; };
		4457AB982A5B38B600EA547C /* Preview Assets.xcassets in Resources */ = {isa = PBXBuildFile; fileRef = 4457AB972A5B38B600EA547C /* Preview Assets.xcassets */; };
		4457ABA22A5B38B600EA547C /* ConverterTests.swift in Sources */ = {isa = PBXBuildFile; fileRef = 4457ABA12A5B38B600EA547C /* ConverterTests.swift */; };
		4457ABBB2A5B442C00EA547C /* SegmentView.swift in Sources */ = {isa = PBXBuildFile; fileRef = 4457ABBA2A5B442C00EA547C /* SegmentView.swift */; };
		4457ABBD2A5B445B00EA547C /* ButtonPadView.swift in Sources */ = {isa = PBXBuildFile; fileRef = 4457ABBC2A5B445B00EA547C /* ButtonPadView.swift */; };
		4457ABC52A5B5C9400EA547C /* UnitConverterView.swift in Sources */ = {isa = PBXBuildFile; fileRef = 4457ABC42A5B5C9400EA547C /* UnitConverterView.swift */; };
		4462286E2A705C9000D04CE6 /* ConverterService.swift in Sources */ = {isa = PBXBuildFile; fileRef = 4462286D2A705C9000D04CE6 /* ConverterService.swift */; };
		446228832A7071BC00D04CE6 /* UnitSegment.swift in Sources */ = {isa = PBXBuildFile; fileRef = 446228822A7071BC00D04CE6 /* UnitSegment.swift */; };
		446228862A71904500D04CE6 /* SpeedSegment.swift in Sources */ = {isa = PBXBuildFile; fileRef = 446228852A71904500D04CE6 /* SpeedSegment.swift */; };
		446228882A71905F00D04CE6 /* AreaSegment.swift in Sources */ = {isa = PBXBuildFile; fileRef = 446228872A71905F00D04CE6 /* AreaSegment.swift */; };
		4462288A2A71906E00D04CE6 /* VolumeSegment.swift in Sources */ = {isa = PBXBuildFile; fileRef = 446228892A71906E00D04CE6 /* VolumeSegment.swift */; };
		4462288C2A71907B00D04CE6 /* TemperatureSegment.swift in Sources */ = {isa = PBXBuildFile; fileRef = 4462288B2A71907B00D04CE6 /* TemperatureSegment.swift */; };
		4462288E2A71908800D04CE6 /* LengthSegment.swift in Sources */ = {isa = PBXBuildFile; fileRef = 4462288D2A71908800D04CE6 /* LengthSegment.swift */; };
		446228902A71909300D04CE6 /* MassSegment.swift in Sources */ = {isa = PBXBuildFile; fileRef = 4462288F2A71909300D04CE6 /* MassSegment.swift */; };
		446228922A7190A900D04CE6 /* AllSegments.swift in Sources */ = {isa = PBXBuildFile; fileRef = 446228912A7190A900D04CE6 /* AllSegments.swift */; };
		448834A22A5BA3A600B87509 /* NumberView.swift in Sources */ = {isa = PBXBuildFile; fileRef = 448834A12A5BA3A600B87509 /* NumberView.swift */; };
		448834A62A5BA4DE00B87509 /* ButtonType.swift in Sources */ = {isa = PBXBuildFile; fileRef = 448834A52A5BA4DE00B87509 /* ButtonType.swift */; };
		448834A82A5BA4FB00B87509 /* ButtonPadStyle.swift in Sources */ = {isa = PBXBuildFile; fileRef = 448834A72A5BA4FB00B87509 /* ButtonPadStyle.swift */; };
		448834AA2A5BA51300B87509 /* Digit.swift in Sources */ = {isa = PBXBuildFile; fileRef = 448834A92A5BA51300B87509 /* Digit.swift */; };
		448C2B242A904BD9006D90A2 /* UIDevice+Extension.swift in Sources */ = {isa = PBXBuildFile; fileRef = 448C2B232A904BD9006D90A2 /* UIDevice+Extension.swift */; };
		449FCBF72A79826100008856 /* NumberFormatter+Extension.swift in Sources */ = {isa = PBXBuildFile; fileRef = 449FCBF62A79826100008856 /* NumberFormatter+Extension.swift */; };
		44FC5B772A719BF90000A5AD /* Unit+Extension.swift in Sources */ = {isa = PBXBuildFile; fileRef = 44FC5B762A719BF90000A5AD /* Unit+Extension.swift */; };
		44FC5B792A719C080000A5AD /* MeasurementFormatter+Extension.swift in Sources */ = {isa = PBXBuildFile; fileRef = 44FC5B782A719C080000A5AD /* MeasurementFormatter+Extension.swift */; };
/* End PBXBuildFile section */

/* Begin PBXContainerItemProxy section */
		4457AB9E2A5B38B600EA547C /* PBXContainerItemProxy */ = {
			isa = PBXContainerItemProxy;
			containerPortal = 4457AB852A5B38B500EA547C /* Project object */;
			proxyType = 1;
			remoteGlobalIDString = 4457AB8C2A5B38B500EA547C;
			remoteInfo = Converter;
		};
/* End PBXContainerItemProxy section */

/* Begin PBXFileReference section */
		4412553D2A721DCF00858ADE /* VoidBlock.swift */ = {isa = PBXFileReference; lastKnownFileType = sourcecode.swift; path = VoidBlock.swift; sourceTree = "<group>"; };
		441255432A7502CD00858ADE /* String+Extension.swift */ = {isa = PBXFileReference; lastKnownFileType = sourcecode.swift; path = "String+Extension.swift"; sourceTree = "<group>"; };
		441608512A7A03110059B215 /* UnitsView.swift */ = {isa = PBXFileReference; fileEncoding = 4; lastKnownFileType = sourcecode.swift; path = UnitsView.swift; sourceTree = "<group>"; };
		4443642C2A8564D20040220C /* Padding.swift */ = {isa = PBXFileReference; lastKnownFileType = sourcecode.swift; path = Padding.swift; sourceTree = "<group>"; };
		4443642E2A8564E80040220C /* Font.swift */ = {isa = PBXFileReference; lastKnownFileType = sourcecode.swift; path = Font.swift; sourceTree = "<group>"; };
		444364302A86C0A00040220C /* AngleSegment.swift */ = {isa = PBXFileReference; lastKnownFileType = sourcecode.swift; path = AngleSegment.swift; sourceTree = "<group>"; };
		444364322A86C0B40040220C /* DurationSegment.swift */ = {isa = PBXFileReference; lastKnownFileType = sourcecode.swift; path = DurationSegment.swift; sourceTree = "<group>"; };
		444364342A86C0C50040220C /* EnergySegment.swift */ = {isa = PBXFileReference; lastKnownFileType = sourcecode.swift; path = EnergySegment.swift; sourceTree = "<group>"; };
		444364362A86C0DC0040220C /* FuelEfficiencySegment.swift */ = {isa = PBXFileReference; lastKnownFileType = sourcecode.swift; path = FuelEfficiencySegment.swift; sourceTree = "<group>"; };
		444364382A86C0EE0040220C /* StorageSegment.swift */ = {isa = PBXFileReference; lastKnownFileType = sourcecode.swift; path = StorageSegment.swift; sourceTree = "<group>"; };
		4443643A2A86C2420040220C /* PowerSegment.swift */ = {isa = PBXFileReference; lastKnownFileType = sourcecode.swift; path = PowerSegment.swift; sourceTree = "<group>"; };
		4443643D2A8815940040220C /* Constants.swift */ = {isa = PBXFileReference; lastKnownFileType = sourcecode.swift; path = Constants.swift; sourceTree = "<group>"; };
		4443643F2A8AC5540040220C /* Info.plist */ = {isa = PBXFileReference; lastKnownFileType = text.plist; path = Info.plist; sourceTree = "<group>"; };
		444364402A8AC5FF0040220C /* LaunchScreen.storyboard */ = {isa = PBXFileReference; lastKnownFileType = file.storyboard; path = LaunchScreen.storyboard; sourceTree = "<group>"; };
		4455A49A2A69E07000849DB8 /* AdaptivePagingScrollView.swift */ = {isa = PBXFileReference; lastKnownFileType = sourcecode.swift; path = AdaptivePagingScrollView.swift; sourceTree = "<group>"; };
		4455A49C2A69E08B00849DB8 /* Orientation.swift */ = {isa = PBXFileReference; lastKnownFileType = sourcecode.swift; path = Orientation.swift; sourceTree = "<group>"; };
		4455A49E2A69E09D00849DB8 /* View+Ext.swift */ = {isa = PBXFileReference; lastKnownFileType = sourcecode.swift; path = "View+Ext.swift"; sourceTree = "<group>"; };
		4455A4A02A69E0AC00849DB8 /* FrameModifier.swift */ = {isa = PBXFileReference; lastKnownFileType = sourcecode.swift; path = FrameModifier.swift; sourceTree = "<group>"; };
		4455A4A22A69E18A00849DB8 /* UnitRowsData.swift */ = {isa = PBXFileReference; fileEncoding = 4; lastKnownFileType = sourcecode.swift; path = UnitRowsData.swift; sourceTree = "<group>"; };
		4455A4A32A69E18A00849DB8 /* UnitView.swift */ = {isa = PBXFileReference; fileEncoding = 4; lastKnownFileType = sourcecode.swift; path = UnitView.swift; sourceTree = "<group>"; };
		4455A4A52A69E18A00849DB8 /* UnitRow.swift */ = {isa = PBXFileReference; fileEncoding = 4; lastKnownFileType = sourcecode.swift; path = UnitRow.swift; sourceTree = "<group>"; };
		4455A4AA2A69E4C600849DB8 /* Color.swift */ = {isa = PBXFileReference; lastKnownFileType = sourcecode.swift; path = Color.swift; sourceTree = "<group>"; };
		4457AB8D2A5B38B500EA547C /* Converter.app */ = {isa = PBXFileReference; explicitFileType = wrapper.application; includeInIndex = 0; path = Converter.app; sourceTree = BUILT_PRODUCTS_DIR; };
		4457AB902A5B38B500EA547C /* ConverterApp.swift */ = {isa = PBXFileReference; lastKnownFileType = sourcecode.swift; path = ConverterApp.swift; sourceTree = "<group>"; };
		4457AB942A5B38B600EA547C /* Assets.xcassets */ = {isa = PBXFileReference; lastKnownFileType = folder.assetcatalog; path = Assets.xcassets; sourceTree = "<group>"; };
		4457AB972A5B38B600EA547C /* Preview Assets.xcassets */ = {isa = PBXFileReference; lastKnownFileType = folder.assetcatalog; path = "Preview Assets.xcassets"; sourceTree = "<group>"; };
		4457AB9D2A5B38B600EA547C /* ConverterTests.xctest */ = {isa = PBXFileReference; explicitFileType = wrapper.cfbundle; includeInIndex = 0; path = ConverterTests.xctest; sourceTree = BUILT_PRODUCTS_DIR; };
		4457ABA12A5B38B600EA547C /* ConverterTests.swift */ = {isa = PBXFileReference; lastKnownFileType = sourcecode.swift; path = ConverterTests.swift; sourceTree = "<group>"; };
		4457ABBA2A5B442C00EA547C /* SegmentView.swift */ = {isa = PBXFileReference; lastKnownFileType = sourcecode.swift; path = SegmentView.swift; sourceTree = "<group>"; };
		4457ABBC2A5B445B00EA547C /* ButtonPadView.swift */ = {isa = PBXFileReference; lastKnownFileType = sourcecode.swift; path = ButtonPadView.swift; sourceTree = "<group>"; };
		4457ABC42A5B5C9400EA547C /* UnitConverterView.swift */ = {isa = PBXFileReference; lastKnownFileType = sourcecode.swift; path = UnitConverterView.swift; sourceTree = "<group>"; };
		4462286D2A705C9000D04CE6 /* ConverterService.swift */ = {isa = PBXFileReference; lastKnownFileType = sourcecode.swift; path = ConverterService.swift; sourceTree = "<group>"; };
		446228822A7071BC00D04CE6 /* UnitSegment.swift */ = {isa = PBXFileReference; lastKnownFileType = sourcecode.swift; path = UnitSegment.swift; sourceTree = "<group>"; };
		446228852A71904500D04CE6 /* SpeedSegment.swift */ = {isa = PBXFileReference; lastKnownFileType = sourcecode.swift; path = SpeedSegment.swift; sourceTree = "<group>"; };
		446228872A71905F00D04CE6 /* AreaSegment.swift */ = {isa = PBXFileReference; lastKnownFileType = sourcecode.swift; path = AreaSegment.swift; sourceTree = "<group>"; };
		446228892A71906E00D04CE6 /* VolumeSegment.swift */ = {isa = PBXFileReference; lastKnownFileType = sourcecode.swift; path = VolumeSegment.swift; sourceTree = "<group>"; };
		4462288B2A71907B00D04CE6 /* TemperatureSegment.swift */ = {isa = PBXFileReference; lastKnownFileType = sourcecode.swift; path = TemperatureSegment.swift; sourceTree = "<group>"; };
		4462288D2A71908800D04CE6 /* LengthSegment.swift */ = {isa = PBXFileReference; lastKnownFileType = sourcecode.swift; path = LengthSegment.swift; sourceTree = "<group>"; };
		4462288F2A71909300D04CE6 /* MassSegment.swift */ = {isa = PBXFileReference; lastKnownFileType = sourcecode.swift; path = MassSegment.swift; sourceTree = "<group>"; };
		446228912A7190A900D04CE6 /* AllSegments.swift */ = {isa = PBXFileReference; lastKnownFileType = sourcecode.swift; path = AllSegments.swift; sourceTree = "<group>"; };
		448834A12A5BA3A600B87509 /* NumberView.swift */ = {isa = PBXFileReference; lastKnownFileType = sourcecode.swift; path = NumberView.swift; sourceTree = "<group>"; };
		448834A52A5BA4DE00B87509 /* ButtonType.swift */ = {isa = PBXFileReference; lastKnownFileType = sourcecode.swift; path = ButtonType.swift; sourceTree = "<group>"; };
		448834A72A5BA4FB00B87509 /* ButtonPadStyle.swift */ = {isa = PBXFileReference; lastKnownFileType = sourcecode.swift; path = ButtonPadStyle.swift; sourceTree = "<group>"; };
		448834A92A5BA51300B87509 /* Digit.swift */ = {isa = PBXFileReference; lastKnownFileType = sourcecode.swift; path = Digit.swift; sourceTree = "<group>"; };
		448C2B232A904BD9006D90A2 /* UIDevice+Extension.swift */ = {isa = PBXFileReference; lastKnownFileType = sourcecode.swift; path = "UIDevice+Extension.swift"; sourceTree = "<group>"; };
		449FCBF62A79826100008856 /* NumberFormatter+Extension.swift */ = {isa = PBXFileReference; lastKnownFileType = sourcecode.swift; path = "NumberFormatter+Extension.swift"; sourceTree = "<group>"; };
		44FC5B762A719BF90000A5AD /* Unit+Extension.swift */ = {isa = PBXFileReference; lastKnownFileType = sourcecode.swift; path = "Unit+Extension.swift"; sourceTree = "<group>"; };
		44FC5B782A719C080000A5AD /* MeasurementFormatter+Extension.swift */ = {isa = PBXFileReference; lastKnownFileType = sourcecode.swift; path = "MeasurementFormatter+Extension.swift"; sourceTree = "<group>"; };
/* End PBXFileReference section */

/* Begin PBXFrameworksBuildPhase section */
		4457AB8A2A5B38B500EA547C /* Frameworks */ = {
			isa = PBXFrameworksBuildPhase;
			buildActionMask = 2147483647;
			files = (
			);
			runOnlyForDeploymentPostprocessing = 0;
		};
		4457AB9A2A5B38B600EA547C /* Frameworks */ = {
			isa = PBXFrameworksBuildPhase;
			buildActionMask = 2147483647;
			files = (
			);
			runOnlyForDeploymentPostprocessing = 0;
		};
/* End PBXFrameworksBuildPhase section */

/* Begin PBXGroup section */
		4412553C2A721DC600858ADE /* Utils */ = {
			isa = PBXGroup;
			children = (
				4412553D2A721DCF00858ADE /* VoidBlock.swift */,
				441255432A7502CD00858ADE /* String+Extension.swift */,
				448C2B232A904BD9006D90A2 /* UIDevice+Extension.swift */,
				44FC5B782A719C080000A5AD /* MeasurementFormatter+Extension.swift */,
				4443643D2A8815940040220C /* Constants.swift */,
				44FC5B762A719BF90000A5AD /* Unit+Extension.swift */,
				449FCBF62A79826100008856 /* NumberFormatter+Extension.swift */,
			);
			path = Utils;
			sourceTree = "<group>";
		};
		4443642B2A8564BE0040220C /* Design */ = {
			isa = PBXGroup;
			children = (
				4455A4AA2A69E4C600849DB8 /* Color.swift */,
				4443642C2A8564D20040220C /* Padding.swift */,
				4443642E2A8564E80040220C /* Font.swift */,
				448834A72A5BA4FB00B87509 /* ButtonPadStyle.swift */,
			);
			path = Design;
			sourceTree = "<group>";
		};
		4443643C2A86C2680040220C /* Segments */ = {
			isa = PBXGroup;
			children = (
				446228852A71904500D04CE6 /* SpeedSegment.swift */,
				444364322A86C0B40040220C /* DurationSegment.swift */,
				4462288F2A71909300D04CE6 /* MassSegment.swift */,
				446228892A71906E00D04CE6 /* VolumeSegment.swift */,
				444364362A86C0DC0040220C /* FuelEfficiencySegment.swift */,
				444364382A86C0EE0040220C /* StorageSegment.swift */,
				444364342A86C0C50040220C /* EnergySegment.swift */,
				4443643A2A86C2420040220C /* PowerSegment.swift */,
				444364302A86C0A00040220C /* AngleSegment.swift */,
				4462288D2A71908800D04CE6 /* LengthSegment.swift */,
				4462288B2A71907B00D04CE6 /* TemperatureSegment.swift */,
				446228872A71905F00D04CE6 /* AreaSegment.swift */,
			);
			path = Segments;
			sourceTree = "<group>";
		};
		4455A4952A69E00300849DB8 /* Scrolls */ = {
			isa = PBXGroup;
			children = (
				4455A49A2A69E07000849DB8 /* AdaptivePagingScrollView.swift */,
				4455A4A52A69E18A00849DB8 /* UnitRow.swift */,
				4455A4A22A69E18A00849DB8 /* UnitRowsData.swift */,
				4455A4A02A69E0AC00849DB8 /* FrameModifier.swift */,
				4455A49C2A69E08B00849DB8 /* Orientation.swift */,
				4455A49E2A69E09D00849DB8 /* View+Ext.swift */,
			);
			path = Scrolls;
			sourceTree = "<group>";
		};
		4457AB842A5B38B500EA547C = {
			isa = PBXGroup;
			children = (
				4457AB8F2A5B38B500EA547C /* Converter */,
				4457ABA02A5B38B600EA547C /* ConverterTests */,
				4457AB8E2A5B38B500EA547C /* Products */,
			);
			sourceTree = "<group>";
		};
		4457AB8E2A5B38B500EA547C /* Products */ = {
			isa = PBXGroup;
			children = (
				4457AB8D2A5B38B500EA547C /* Converter.app */,
				4457AB9D2A5B38B600EA547C /* ConverterTests.xctest */,
			);
			name = Products;
			sourceTree = "<group>";
		};
		4457AB8F2A5B38B500EA547C /* Converter */ = {
			isa = PBXGroup;
			children = (
				4443643F2A8AC5540040220C /* Info.plist */,
				4443642B2A8564BE0040220C /* Design */,
				4412553C2A721DC600858ADE /* Utils */,
				4462286C2A705C7500D04CE6 /* Service */,
				4455A4952A69E00300849DB8 /* Scrolls */,
				448834A02A5BA38300B87509 /* View */,
				4488349F2A5BA37C00B87509 /* Model */,
				4457AB902A5B38B500EA547C /* ConverterApp.swift */,
				4457AB942A5B38B600EA547C /* Assets.xcassets */,
				444364402A8AC5FF0040220C /* LaunchScreen.storyboard */,
				4457AB962A5B38B600EA547C /* Preview Content */,
			);
			path = Converter;
			sourceTree = "<group>";
		};
		4457AB962A5B38B600EA547C /* Preview Content */ = {
			isa = PBXGroup;
			children = (
				4457AB972A5B38B600EA547C /* Preview Assets.xcassets */,
			);
			path = "Preview Content";
			sourceTree = "<group>";
		};
		4457ABA02A5B38B600EA547C /* ConverterTests */ = {
			isa = PBXGroup;
			children = (
				4457ABA12A5B38B600EA547C /* ConverterTests.swift */,
			);
			path = ConverterTests;
			sourceTree = "<group>";
		};
		4462286C2A705C7500D04CE6 /* Service */ = {
			isa = PBXGroup;
			children = (
				4462286D2A705C9000D04CE6 /* ConverterService.swift */,
			);
			path = Service;
			sourceTree = "<group>";
		};
		446228842A71903900D04CE6 /* Units */ = {
			isa = PBXGroup;
			children = (
				446228822A7071BC00D04CE6 /* UnitSegment.swift */,
				446228912A7190A900D04CE6 /* AllSegments.swift */,
				4443643C2A86C2680040220C /* Segments */,
			);
			path = Units;
			sourceTree = "<group>";
		};
		4488349F2A5BA37C00B87509 /* Model */ = {
			isa = PBXGroup;
			children = (
				448834A52A5BA4DE00B87509 /* ButtonType.swift */,
				448834A92A5BA51300B87509 /* Digit.swift */,
				446228842A71903900D04CE6 /* Units */,
			);
			path = Model;
			sourceTree = "<group>";
		};
		448834A02A5BA38300B87509 /* View */ = {
			isa = PBXGroup;
			children = (
				4457ABBC2A5B445B00EA547C /* ButtonPadView.swift */,
				4457ABC42A5B5C9400EA547C /* UnitConverterView.swift */,
				4455A4A32A69E18A00849DB8 /* UnitView.swift */,
				441608512A7A03110059B215 /* UnitsView.swift */,
				448834A12A5BA3A600B87509 /* NumberView.swift */,
				4457ABBA2A5B442C00EA547C /* SegmentView.swift */,
			);
			path = View;
			sourceTree = "<group>";
		};
/* End PBXGroup section */

/* Begin PBXNativeTarget section */
		4457AB8C2A5B38B500EA547C /* Converter */ = {
			isa = PBXNativeTarget;
			buildConfigurationList = 4457ABB12A5B38B600EA547C /* Build configuration list for PBXNativeTarget "Converter" */;
			buildPhases = (
				4457AB892A5B38B500EA547C /* Sources */,
				4457AB8A2A5B38B500EA547C /* Frameworks */,
				4457AB8B2A5B38B500EA547C /* Resources */,
			);
			buildRules = (
			);
			dependencies = (
			);
			name = Converter;
			productName = Converter;
			productReference = 4457AB8D2A5B38B500EA547C /* Converter.app */;
			productType = "com.apple.product-type.application";
		};
		4457AB9C2A5B38B600EA547C /* ConverterTests */ = {
			isa = PBXNativeTarget;
			buildConfigurationList = 4457ABB42A5B38B600EA547C /* Build configuration list for PBXNativeTarget "ConverterTests" */;
			buildPhases = (
				4457AB992A5B38B600EA547C /* Sources */,
				4457AB9A2A5B38B600EA547C /* Frameworks */,
				4457AB9B2A5B38B600EA547C /* Resources */,
			);
			buildRules = (
			);
			dependencies = (
				4457AB9F2A5B38B600EA547C /* PBXTargetDependency */,
			);
			name = ConverterTests;
			productName = ConverterTests;
			productReference = 4457AB9D2A5B38B600EA547C /* ConverterTests.xctest */;
			productType = "com.apple.product-type.bundle.unit-test";
		};
/* End PBXNativeTarget section */

/* Begin PBXProject section */
		4457AB852A5B38B500EA547C /* Project object */ = {
			isa = PBXProject;
			attributes = {
				BuildIndependentTargetsInParallel = 1;
				LastSwiftUpdateCheck = 1400;
				LastUpgradeCheck = 1400;
				TargetAttributes = {
					4457AB8C2A5B38B500EA547C = {
						CreatedOnToolsVersion = 14.0.1;
					};
					4457AB9C2A5B38B600EA547C = {
						CreatedOnToolsVersion = 14.0.1;
						TestTargetID = 4457AB8C2A5B38B500EA547C;
					};
				};
			};
			buildConfigurationList = 4457AB882A5B38B500EA547C /* Build configuration list for PBXProject "Converter" */;
			compatibilityVersion = "Xcode 14.0";
			developmentRegion = en;
			hasScannedForEncodings = 0;
			knownRegions = (
				en,
				Base,
			);
			mainGroup = 4457AB842A5B38B500EA547C;
			productRefGroup = 4457AB8E2A5B38B500EA547C /* Products */;
			projectDirPath = "";
			projectRoot = "";
			targets = (
				4457AB8C2A5B38B500EA547C /* Converter */,
				4457AB9C2A5B38B600EA547C /* ConverterTests */,
			);
		};
/* End PBXProject section */

/* Begin PBXResourcesBuildPhase section */
		4457AB8B2A5B38B500EA547C /* Resources */ = {
			isa = PBXResourcesBuildPhase;
			buildActionMask = 2147483647;
			files = (
				444364412A8AC5FF0040220C /* LaunchScreen.storyboard in Resources */,
				4457AB982A5B38B600EA547C /* Preview Assets.xcassets in Resources */,
				4457AB952A5B38B600EA547C /* Assets.xcassets in Resources */,
			);
			runOnlyForDeploymentPostprocessing = 0;
		};
		4457AB9B2A5B38B600EA547C /* Resources */ = {
			isa = PBXResourcesBuildPhase;
			buildActionMask = 2147483647;
			files = (
			);
			runOnlyForDeploymentPostprocessing = 0;
		};
/* End PBXResourcesBuildPhase section */

/* Begin PBXSourcesBuildPhase section */
		4457AB892A5B38B500EA547C /* Sources */ = {
			isa = PBXSourcesBuildPhase;
			buildActionMask = 2147483647;
			files = (
				446228882A71905F00D04CE6 /* AreaSegment.swift in Sources */,
				4457ABC52A5B5C9400EA547C /* UnitConverterView.swift in Sources */,
				4455A49F2A69E09D00849DB8 /* View+Ext.swift in Sources */,
				441608522A7A03110059B215 /* UnitsView.swift in Sources */,
				4455A49B2A69E07000849DB8 /* AdaptivePagingScrollView.swift in Sources */,
				446228832A7071BC00D04CE6 /* UnitSegment.swift in Sources */,
				446228902A71909300D04CE6 /* MassSegment.swift in Sources */,
				4457ABBD2A5B445B00EA547C /* ButtonPadView.swift in Sources */,
				4455A4A72A69E18A00849DB8 /* UnitView.swift in Sources */,
				4462286E2A705C9000D04CE6 /* ConverterService.swift in Sources */,
				4457ABBB2A5B442C00EA547C /* SegmentView.swift in Sources */,
				4412553E2A721DCF00858ADE /* VoidBlock.swift in Sources */,
				4455A4A92A69E18A00849DB8 /* UnitRow.swift in Sources */,
				4455A4A62A69E18A00849DB8 /* UnitRowsData.swift in Sources */,
				448834A62A5BA4DE00B87509 /* ButtonType.swift in Sources */,
				4443643E2A8815940040220C /* Constants.swift in Sources */,
				444364312A86C0A00040220C /* AngleSegment.swift in Sources */,
				4443643B2A86C2420040220C /* PowerSegment.swift in Sources */,
				4455A4A12A69E0AC00849DB8 /* FrameModifier.swift in Sources */,
				4462288E2A71908800D04CE6 /* LengthSegment.swift in Sources */,
				4457AB912A5B38B500EA547C /* ConverterApp.swift in Sources */,
				446228862A71904500D04CE6 /* SpeedSegment.swift in Sources */,
				441255442A7502CD00858ADE /* String+Extension.swift in Sources */,
				444364392A86C0EE0040220C /* StorageSegment.swift in Sources */,
				44FC5B792A719C080000A5AD /* MeasurementFormatter+Extension.swift in Sources */,
				448834A22A5BA3A600B87509 /* NumberView.swift in Sources */,
				4455A49D2A69E08B00849DB8 /* Orientation.swift in Sources */,
				4443642F2A8564E80040220C /* Font.swift in Sources */,
				448834A82A5BA4FB00B87509 /* ButtonPadStyle.swift in Sources */,
				4462288C2A71907B00D04CE6 /* TemperatureSegment.swift in Sources */,
				448C2B242A904BD9006D90A2 /* UIDevice+Extension.swift in Sources */,
				4462288A2A71906E00D04CE6 /* VolumeSegment.swift in Sources */,
				444364332A86C0B40040220C /* DurationSegment.swift in Sources */,
				4455A4AB2A69E4C600849DB8 /* Color.swift in Sources */,
				448834AA2A5BA51300B87509 /* Digit.swift in Sources */,
				444364372A86C0DC0040220C /* FuelEfficiencySegment.swift in Sources */,
				444364352A86C0C50040220C /* EnergySegment.swift in Sources */,
				446228922A7190A900D04CE6 /* AllSegments.swift in Sources */,
				44FC5B772A719BF90000A5AD /* Unit+Extension.swift in Sources */,
				449FCBF72A79826100008856 /* NumberFormatter+Extension.swift in Sources */,
				4443642D2A8564D20040220C /* Padding.swift in Sources */,
			);
			runOnlyForDeploymentPostprocessing = 0;
		};
		4457AB992A5B38B600EA547C /* Sources */ = {
			isa = PBXSourcesBuildPhase;
			buildActionMask = 2147483647;
			files = (
				4457ABA22A5B38B600EA547C /* ConverterTests.swift in Sources */,
			);
			runOnlyForDeploymentPostprocessing = 0;
		};
/* End PBXSourcesBuildPhase section */

/* Begin PBXTargetDependency section */
		4457AB9F2A5B38B600EA547C /* PBXTargetDependency */ = {
			isa = PBXTargetDependency;
			target = 4457AB8C2A5B38B500EA547C /* Converter */;
			targetProxy = 4457AB9E2A5B38B600EA547C /* PBXContainerItemProxy */;
		};
/* End PBXTargetDependency section */

/* Begin XCBuildConfiguration section */
		4457ABAF2A5B38B600EA547C /* Debug */ = {
			isa = XCBuildConfiguration;
			buildSettings = {
				ALWAYS_SEARCH_USER_PATHS = NO;
				CLANG_ANALYZER_NONNULL = YES;
				CLANG_ANALYZER_NUMBER_OBJECT_CONVERSION = YES_AGGRESSIVE;
				CLANG_CXX_LANGUAGE_STANDARD = "gnu++20";
				CLANG_ENABLE_MODULES = YES;
				CLANG_ENABLE_OBJC_ARC = YES;
				CLANG_ENABLE_OBJC_WEAK = YES;
				CLANG_WARN_BLOCK_CAPTURE_AUTORELEASING = YES;
				CLANG_WARN_BOOL_CONVERSION = YES;
				CLANG_WARN_COMMA = YES;
				CLANG_WARN_CONSTANT_CONVERSION = YES;
				CLANG_WARN_DEPRECATED_OBJC_IMPLEMENTATIONS = YES;
				CLANG_WARN_DIRECT_OBJC_ISA_USAGE = YES_ERROR;
				CLANG_WARN_DOCUMENTATION_COMMENTS = YES;
				CLANG_WARN_EMPTY_BODY = YES;
				CLANG_WARN_ENUM_CONVERSION = YES;
				CLANG_WARN_INFINITE_RECURSION = YES;
				CLANG_WARN_INT_CONVERSION = YES;
				CLANG_WARN_NON_LITERAL_NULL_CONVERSION = YES;
				CLANG_WARN_OBJC_IMPLICIT_RETAIN_SELF = YES;
				CLANG_WARN_OBJC_LITERAL_CONVERSION = YES;
				CLANG_WARN_OBJC_ROOT_CLASS = YES_ERROR;
				CLANG_WARN_QUOTED_INCLUDE_IN_FRAMEWORK_HEADER = YES;
				CLANG_WARN_RANGE_LOOP_ANALYSIS = YES;
				CLANG_WARN_STRICT_PROTOTYPES = YES;
				CLANG_WARN_SUSPICIOUS_MOVE = YES;
				CLANG_WARN_UNGUARDED_AVAILABILITY = YES_AGGRESSIVE;
				CLANG_WARN_UNREACHABLE_CODE = YES;
				CLANG_WARN__DUPLICATE_METHOD_MATCH = YES;
				COPY_PHASE_STRIP = NO;
				DEBUG_INFORMATION_FORMAT = dwarf;
				ENABLE_STRICT_OBJC_MSGSEND = YES;
				ENABLE_TESTABILITY = YES;
				GCC_C_LANGUAGE_STANDARD = gnu11;
				GCC_DYNAMIC_NO_PIC = NO;
				GCC_NO_COMMON_BLOCKS = YES;
				GCC_OPTIMIZATION_LEVEL = 0;
				GCC_PREPROCESSOR_DEFINITIONS = (
					"DEBUG=1",
					"$(inherited)",
				);
				GCC_WARN_64_TO_32_BIT_CONVERSION = YES;
				GCC_WARN_ABOUT_RETURN_TYPE = YES_ERROR;
				GCC_WARN_UNDECLARED_SELECTOR = YES;
				GCC_WARN_UNINITIALIZED_AUTOS = YES_AGGRESSIVE;
				GCC_WARN_UNUSED_FUNCTION = YES;
				GCC_WARN_UNUSED_VARIABLE = YES;
				IPHONEOS_DEPLOYMENT_TARGET = 16.0;
				MTL_ENABLE_DEBUG_INFO = INCLUDE_SOURCE;
				MTL_FAST_MATH = YES;
				ONLY_ACTIVE_ARCH = YES;
				SDKROOT = iphoneos;
				SWIFT_ACTIVE_COMPILATION_CONDITIONS = DEBUG;
				SWIFT_OPTIMIZATION_LEVEL = "-Onone";
			};
			name = Debug;
		};
		4457ABB02A5B38B600EA547C /* Release */ = {
			isa = XCBuildConfiguration;
			buildSettings = {
				ALWAYS_SEARCH_USER_PATHS = NO;
				CLANG_ANALYZER_NONNULL = YES;
				CLANG_ANALYZER_NUMBER_OBJECT_CONVERSION = YES_AGGRESSIVE;
				CLANG_CXX_LANGUAGE_STANDARD = "gnu++20";
				CLANG_ENABLE_MODULES = YES;
				CLANG_ENABLE_OBJC_ARC = YES;
				CLANG_ENABLE_OBJC_WEAK = YES;
				CLANG_WARN_BLOCK_CAPTURE_AUTORELEASING = YES;
				CLANG_WARN_BOOL_CONVERSION = YES;
				CLANG_WARN_COMMA = YES;
				CLANG_WARN_CONSTANT_CONVERSION = YES;
				CLANG_WARN_DEPRECATED_OBJC_IMPLEMENTATIONS = YES;
				CLANG_WARN_DIRECT_OBJC_ISA_USAGE = YES_ERROR;
				CLANG_WARN_DOCUMENTATION_COMMENTS = YES;
				CLANG_WARN_EMPTY_BODY = YES;
				CLANG_WARN_ENUM_CONVERSION = YES;
				CLANG_WARN_INFINITE_RECURSION = YES;
				CLANG_WARN_INT_CONVERSION = YES;
				CLANG_WARN_NON_LITERAL_NULL_CONVERSION = YES;
				CLANG_WARN_OBJC_IMPLICIT_RETAIN_SELF = YES;
				CLANG_WARN_OBJC_LITERAL_CONVERSION = YES;
				CLANG_WARN_OBJC_ROOT_CLASS = YES_ERROR;
				CLANG_WARN_QUOTED_INCLUDE_IN_FRAMEWORK_HEADER = YES;
				CLANG_WARN_RANGE_LOOP_ANALYSIS = YES;
				CLANG_WARN_STRICT_PROTOTYPES = YES;
				CLANG_WARN_SUSPICIOUS_MOVE = YES;
				CLANG_WARN_UNGUARDED_AVAILABILITY = YES_AGGRESSIVE;
				CLANG_WARN_UNREACHABLE_CODE = YES;
				CLANG_WARN__DUPLICATE_METHOD_MATCH = YES;
				COPY_PHASE_STRIP = NO;
				DEBUG_INFORMATION_FORMAT = "dwarf-with-dsym";
				ENABLE_NS_ASSERTIONS = NO;
				ENABLE_STRICT_OBJC_MSGSEND = YES;
				GCC_C_LANGUAGE_STANDARD = gnu11;
				GCC_NO_COMMON_BLOCKS = YES;
				GCC_WARN_64_TO_32_BIT_CONVERSION = YES;
				GCC_WARN_ABOUT_RETURN_TYPE = YES_ERROR;
				GCC_WARN_UNDECLARED_SELECTOR = YES;
				GCC_WARN_UNINITIALIZED_AUTOS = YES_AGGRESSIVE;
				GCC_WARN_UNUSED_FUNCTION = YES;
				GCC_WARN_UNUSED_VARIABLE = YES;
				IPHONEOS_DEPLOYMENT_TARGET = 16.0;
				MTL_ENABLE_DEBUG_INFO = NO;
				MTL_FAST_MATH = YES;
				SDKROOT = iphoneos;
				SWIFT_COMPILATION_MODE = wholemodule;
				SWIFT_OPTIMIZATION_LEVEL = "-O";
				VALIDATE_PRODUCT = YES;
			};
			name = Release;
		};
		4457ABB22A5B38B600EA547C /* Debug */ = {
			isa = XCBuildConfiguration;
			buildSettings = {
				ASSETCATALOG_COMPILER_APPICON_NAME = AppIcon;
				CODE_SIGN_IDENTITY = "Apple Development";
				CODE_SIGN_STYLE = Automatic;
				CURRENT_PROJECT_VERSION = 1;
				DEVELOPMENT_ASSET_PATHS = "\"Converter/Preview Content\"";
				DEVELOPMENT_TEAM = 3X5USZAJXM;
				ENABLE_PREVIEWS = YES;
				GENERATE_INFOPLIST_FILE = YES;
				INFOPLIST_FILE = Converter/Info.plist;
				INFOPLIST_KEY_CFBundleDisplayName = EasyUnit;
				INFOPLIST_KEY_LSApplicationCategoryType = "public.app-category.utilities";
				INFOPLIST_KEY_UIApplicationSceneManifest_Generation = YES;
				INFOPLIST_KEY_UIApplicationSupportsIndirectInputEvents = YES;
				INFOPLIST_KEY_UILaunchStoryboardName = LaunchScreen;
				INFOPLIST_KEY_UIRequiresFullScreen = YES;
				INFOPLIST_KEY_UIStatusBarStyle = UIStatusBarStyleLightContent;
				INFOPLIST_KEY_UISupportedInterfaceOrientations = UIInterfaceOrientationPortrait;
				INFOPLIST_KEY_UIUserInterfaceStyle = Light;
				LD_RUNPATH_SEARCH_PATHS = (
					"$(inherited)",
					"@executable_path/Frameworks",
				);
				MARKETING_VERSION = 1.1;
				PRODUCT_BUNDLE_IDENTIFIER = com.mpankova.EasyUnitConverter;
				PRODUCT_NAME = "$(TARGET_NAME)";
				PROVISIONING_PROFILE_SPECIFIER = "";
				SWIFT_EMIT_LOC_STRINGS = YES;
				SWIFT_VERSION = 5.0;
				TARGETED_DEVICE_FAMILY = "1,2";
			};
			name = Debug;
		};
		4457ABB32A5B38B600EA547C /* Release */ = {
			isa = XCBuildConfiguration;
			buildSettings = {
				ASSETCATALOG_COMPILER_APPICON_NAME = AppIcon;
				CODE_SIGN_IDENTITY = "Apple Development";
				CODE_SIGN_STYLE = Automatic;
				CURRENT_PROJECT_VERSION = 1;
				DEVELOPMENT_ASSET_PATHS = "\"Converter/Preview Content\"";
				DEVELOPMENT_TEAM = 3X5USZAJXM;
				ENABLE_PREVIEWS = YES;
				GENERATE_INFOPLIST_FILE = YES;
				INFOPLIST_FILE = Converter/Info.plist;
				INFOPLIST_KEY_CFBundleDisplayName = EasyUnit;
				INFOPLIST_KEY_LSApplicationCategoryType = "public.app-category.utilities";
				INFOPLIST_KEY_UIApplicationSceneManifest_Generation = YES;
				INFOPLIST_KEY_UIApplicationSupportsIndirectInputEvents = YES;
				INFOPLIST_KEY_UILaunchStoryboardName = LaunchScreen;
				INFOPLIST_KEY_UIRequiresFullScreen = YES;
				INFOPLIST_KEY_UIStatusBarStyle = UIStatusBarStyleLightContent;
				INFOPLIST_KEY_UISupportedInterfaceOrientations = UIInterfaceOrientationPortrait;
				INFOPLIST_KEY_UIUserInterfaceStyle = Light;
				LD_RUNPATH_SEARCH_PATHS = (
					"$(inherited)",
					"@executable_path/Frameworks",
				);
				MARKETING_VERSION = 1.1;
				PRODUCT_BUNDLE_IDENTIFIER = com.mpankova.EasyUnitConverter;
				PRODUCT_NAME = "$(TARGET_NAME)";
				PROVISIONING_PROFILE_SPECIFIER = "";
				SWIFT_EMIT_LOC_STRINGS = YES;
				SWIFT_VERSION = 5.0;
				TARGETED_DEVICE_FAMILY = "1,2";
			};
			name = Release;
		};
		4457ABB52A5B38B600EA547C /* Debug */ = {
			isa = XCBuildConfiguration;
			buildSettings = {
				ALWAYS_EMBED_SWIFT_STANDARD_LIBRARIES = YES;
				BUNDLE_LOADER = "$(TEST_HOST)";
				CODE_SIGN_STYLE = Automatic;
				CURRENT_PROJECT_VERSION = 1;
				DEVELOPMENT_TEAM = 3X5USZAJXM;
				GENERATE_INFOPLIST_FILE = YES;
				IPHONEOS_DEPLOYMENT_TARGET = 16.0;
				MARKETING_VERSION = 1.0;
				PRODUCT_BUNDLE_IDENTIFIER = com.mpankova.ConverterTests;
				PRODUCT_NAME = "$(TARGET_NAME)";
				SWIFT_EMIT_LOC_STRINGS = NO;
				SWIFT_VERSION = 5.0;
				TARGETED_DEVICE_FAMILY = "1,2";
				TEST_HOST = "$(BUILT_PRODUCTS_DIR)/Converter.app/$(BUNDLE_EXECUTABLE_FOLDER_PATH)/Converter";
			};
			name = Debug;
		};
		4457ABB62A5B38B600EA547C /* Release */ = {
			isa = XCBuildConfiguration;
			buildSettings = {
				ALWAYS_EMBED_SWIFT_STANDARD_LIBRARIES = YES;
				BUNDLE_LOADER = "$(TEST_HOST)";
				CODE_SIGN_STYLE = Automatic;
				CURRENT_PROJECT_VERSION = 1;
				DEVELOPMENT_TEAM = 3X5USZAJXM;
				GENERATE_INFOPLIST_FILE = YES;
				IPHONEOS_DEPLOYMENT_TARGET = 16.0;
				MARKETING_VERSION = 1.0;
				PRODUCT_BUNDLE_IDENTIFIER = com.mpankova.ConverterTests;
				PRODUCT_NAME = "$(TARGET_NAME)";
				SWIFT_EMIT_LOC_STRINGS = NO;
				SWIFT_VERSION = 5.0;
				TARGETED_DEVICE_FAMILY = "1,2";
				TEST_HOST = "$(BUILT_PRODUCTS_DIR)/Converter.app/$(BUNDLE_EXECUTABLE_FOLDER_PATH)/Converter";
			};
			name = Release;
		};
/* End XCBuildConfiguration section */

/* Begin XCConfigurationList section */
		4457AB882A5B38B500EA547C /* Build configuration list for PBXProject "Converter" */ = {
			isa = XCConfigurationList;
			buildConfigurations = (
				4457ABAF2A5B38B600EA547C /* Debug */,
				4457ABB02A5B38B600EA547C /* Release */,
			);
			defaultConfigurationIsVisible = 0;
			defaultConfigurationName = Release;
		};
		4457ABB12A5B38B600EA547C /* Build configuration list for PBXNativeTarget "Converter" */ = {
			isa = XCConfigurationList;
			buildConfigurations = (
				4457ABB22A5B38B600EA547C /* Debug */,
				4457ABB32A5B38B600EA547C /* Release */,
			);
			defaultConfigurationIsVisible = 0;
			defaultConfigurationName = Release;
		};
		4457ABB42A5B38B600EA547C /* Build configuration list for PBXNativeTarget "ConverterTests" */ = {
			isa = XCConfigurationList;
			buildConfigurations = (
				4457ABB52A5B38B600EA547C /* Debug */,
				4457ABB62A5B38B600EA547C /* Release */,
			);
			defaultConfigurationIsVisible = 0;
			defaultConfigurationName = Release;
		};
/* End XCConfigurationList section */
	};
	rootObject = 4457AB852A5B38B500EA547C /* Project object */;
}
